
Microsoft Visual Studio Solution File, Format Version 12.00
# Visual Studio 15
VisualStudioVersion = 15.0.28307.1082
MinimumVisualStudioVersion = 10.0.40219.1
Project("{FAE04EC0-301F-11D3-BF4B-00C04F79EFBC}") = "SpaceGameFull", "SpaceGameFull\SpaceGameFull.csproj", "{A0DFACD9-10AA-4F08-9F54-98E4A9995006}"
EndProject
Project("{FAE04EC0-301F-11D3-BF4B-00C04F79EFBC}") = "OmegaRace-Server", "..\SpaceGame - Server\OmegaRace\OmegaRace\OmegaRace-Server.csproj", "{24756376-AB42-4ADA-A243-7928AE596B22}"
EndProject
Project("{FAE04EC0-301F-11D3-BF4B-00C04F79EFBC}") = "OmegaRace-Client", "..\SpaceGame - Client\OmegaRace\OmegaRace\OmegaRace-Client.csproj", "{6ED98457-9FFD-4CF4-912F-D13201F007F3}"
EndProject
Global
	GlobalSection(SolutionConfigurationPlatforms) = preSolution
		Debug|Any CPU = Debug|Any CPU
		Release|Any CPU = Release|Any CPU
	EndGlobalSection
	GlobalSection(ProjectConfigurationPlatforms) = postSolution
		{A0DFACD9-10AA-4F08-9F54-98E4A9995006}.Debug|Any CPU.ActiveCfg = Debug|Any CPU
		{A0DFACD9-10AA-4F08-9F54-98E4A9995006}.Debug|Any CPU.Build.0 = Debug|Any CPU
		{A0DFACD9-10AA-4F08-9F54-98E4A9995006}.Release|Any CPU.ActiveCfg = Release|Any CPU
		{A0DFACD9-10AA-4F08-9F54-98E4A9995006}.Release|Any CPU.Build.0 = Release|Any CPU
		{24756376-AB42-4ADA-A243-7928AE596B22}.Debug|Any CPU.ActiveCfg = Debug|Any CPU
		{24756376-AB42-4ADA-A243-7928AE596B22}.Debug|Any CPU.Build.0 = Debug|Any CPU
		{24756376-AB42-4ADA-A243-7928AE596B22}.Release|Any CPU.ActiveCfg = Release|Any CPU
		{24756376-AB42-4ADA-A243-7928AE596B22}.Release|Any CPU.Build.0 = Release|Any CPU
		{6ED98457-9FFD-4CF4-912F-D13201F007F3}.Debug|Any CPU.ActiveCfg = Debug|Any CPU
		{6ED98457-9FFD-4CF4-912F-D13201F007F3}.Debug|Any CPU.Build.0 = Debug|Any CPU
		{6ED98457-9FFD-4CF4-912F-D13201F007F3}.Release|Any CPU.ActiveCfg = Release|Any CPU
		{6ED98457-9FFD-4CF4-912F-D13201F007F3}.Release|Any CPU.Build.0 = Release|Any CPU
	EndGlobalSection
	GlobalSection(SolutionProperties) = preSolution
		HideSolutionNode = FALSE
	EndGlobalSection
	GlobalSection(ExtensibilityGlobals) = postSolution
		SolutionGuid = {B70AAD25-E417-436A-ABD1-84ED5B3BAE00}
	EndGlobalSection
EndGlobal
